
Microsoft Visual Studio Solution File, Format Version 12.00
# Visual Studio Version 17
VisualStudioVersion = 17.9.34728.123
MinimumVisualStudioVersion = 10.0.40219.1
Project("{9A19103F-16F7-4668-BE54-9A1E7A4F7556}") = "WPF_01入门基础", "WPF_01入门基础\WPF_01入门基础.csproj", "{F30E9AC2-E7A3-4C6A-A220-E7B1D9154E43}"
EndProject
Project("{9A19103F-16F7-4668-BE54-9A1E7A4F7556}") = "WPF_02依赖属性", "WPF_02依赖属性\WPF_02依赖属性.csproj", "{D55BFE9E-1B63-4062-AC5A-177A773290B1}"
EndProject
Project("{9A19103F-16F7-4668-BE54-9A1E7A4F7556}") = "WPF_03资源字典", "WPF_03资源字典\WPF_03资源字典.csproj", "{497A0CD4-5F13-4515-8A71-0C5FEE175FF2}"
EndProject
Project("{9A19103F-16F7-4668-BE54-9A1E7A4F7556}") = "WPF_04绑定", "WPF_04绑定\WPF_04绑定.csproj", "{34911E7A-2841-4C12-90CF-CB4AA677DFF2}"
EndProject
Project("{9A19103F-16F7-4668-BE54-9A1E7A4F7556}") = "WPF_05自定义控件与用户控件", "WPF_05自定义控件与用户控件\WPF_05自定义控件与用户控件.csproj", "{C2E4B219-9990-4C91-9077-62C96B39F3DD}"
EndProject
Global
	GlobalSection(SolutionConfigurationPlatforms) = preSolution
		Debug|Any CPU = Debug|Any CPU
		Release|Any CPU = Release|Any CPU
	EndGlobalSection
	GlobalSection(ProjectConfigurationPlatforms) = postSolution
		{F30E9AC2-E7A3-4C6A-A220-E7B1D9154E43}.Debug|Any CPU.ActiveCfg = Debug|Any CPU
		{F30E9AC2-E7A3-4C6A-A220-E7B1D9154E43}.Debug|Any CPU.Build.0 = Debug|Any CPU
		{F30E9AC2-E7A3-4C6A-A220-E7B1D9154E43}.Release|Any CPU.ActiveCfg = Release|Any CPU
		{F30E9AC2-E7A3-4C6A-A220-E7B1D9154E43}.Release|Any CPU.Build.0 = Release|Any CPU
		{D55BFE9E-1B63-4062-AC5A-177A773290B1}.Debug|Any CPU.ActiveCfg = Debug|Any CPU
		{D55BFE9E-1B63-4062-AC5A-177A773290B1}.Debug|Any CPU.Build.0 = Debug|Any CPU
		{D55BFE9E-1B63-4062-AC5A-177A773290B1}.Release|Any CPU.ActiveCfg = Release|Any CPU
		{D55BFE9E-1B63-4062-AC5A-177A773290B1}.Release|Any CPU.Build.0 = Release|Any CPU
		{497A0CD4-5F13-4515-8A71-0C5FEE175FF2}.Debug|Any CPU.ActiveCfg = Debug|Any CPU
		{497A0CD4-5F13-4515-8A71-0C5FEE175FF2}.Debug|Any CPU.Build.0 = Debug|Any CPU
		{497A0CD4-5F13-4515-8A71-0C5FEE175FF2}.Release|Any CPU.ActiveCfg = Release|Any CPU
		{497A0CD4-5F13-4515-8A71-0C5FEE175FF2}.Release|Any CPU.Build.0 = Release|Any CPU
		{34911E7A-2841-4C12-90CF-CB4AA677DFF2}.Debug|Any CPU.ActiveCfg = Debug|Any CPU
		{34911E7A-2841-4C12-90CF-CB4AA677DFF2}.Debug|Any CPU.Build.0 = Debug|Any CPU
		{34911E7A-2841-4C12-90CF-CB4AA677DFF2}.Release|Any CPU.ActiveCfg = Release|Any CPU
		{34911E7A-2841-4C12-90CF-CB4AA677DFF2}.Release|Any CPU.Build.0 = Release|Any CPU
		{C2E4B219-9990-4C91-9077-62C96B39F3DD}.Debug|Any CPU.ActiveCfg = Debug|Any CPU
		{C2E4B219-9990-4C91-9077-62C96B39F3DD}.Debug|Any CPU.Build.0 = Debug|Any CPU
		{C2E4B219-9990-4C91-9077-62C96B39F3DD}.Release|Any CPU.ActiveCfg = Release|Any CPU
		{C2E4B219-9990-4C91-9077-62C96B39F3DD}.Release|Any CPU.Build.0 = Release|Any CPU
	EndGlobalSection
	GlobalSection(SolutionProperties) = preSolution
		HideSolutionNode = FALSE
	EndGlobalSection
	GlobalSection(ExtensibilityGlobals) = postSolution
		SolutionGuid = {C72B4A80-BA5A-4456-983B-985A602CDB33}
	EndGlobalSection
EndGlobal
